
Microsoft Visual Studio Solution File, Format Version 12.00
# Visual Studio Version 17
VisualStudioVersion = 17.6.33815.320
MinimumVisualStudioVersion = 10.0.40219.1
Project("{FAE04EC0-301F-11D3-BF4B-00C04F79EFBC}") = "WinFormsApp1", "WinFormsApp1\WinFormsApp1.csproj", "{63017CCA-A01A-429E-9B49-B179D22DCD18}"
EndProject
Project("{FAE04EC0-301F-11D3-BF4B-00C04F79EFBC}") = "ClassLibrary1", "ClassLibrary1\ClassLibrary1.csproj", "{2345BA7C-DF56-4983-9F55-7F2B95C569D3}"
EndProject
Project("{FAE04EC0-301F-11D3-BF4B-00C04F79EFBC}") = "TestProject1", "TestProject1\TestProject1.csproj", "{11B687CE-E3FC-4E65-8A89-A25F803A8860}"
EndProject
Global
	GlobalSection(SolutionConfigurationPlatforms) = preSolution
		Debug|Any CPU = Debug|Any CPU
		Release|Any CPU = Release|Any CPU
	EndGlobalSection
	GlobalSection(ProjectConfigurationPlatforms) = postSolution
		{63017CCA-A01A-429E-9B49-B179D22DCD18}.Debug|Any CPU.ActiveCfg = Debug|Any CPU
		{63017CCA-A01A-429E-9B49-B179D22DCD18}.Debug|Any CPU.Build.0 = Debug|Any CPU
		{63017CCA-A01A-429E-9B49-B179D22DCD18}.Release|Any CPU.ActiveCfg = Release|Any CPU
		{63017CCA-A01A-429E-9B49-B179D22DCD18}.Release|Any CPU.Build.0 = Release|Any CPU
		{2345BA7C-DF56-4983-9F55-7F2B95C569D3}.Debug|Any CPU.ActiveCfg = Debug|Any CPU
		{2345BA7C-DF56-4983-9F55-7F2B95C569D3}.Debug|Any CPU.Build.0 = Debug|Any CPU
		{2345BA7C-DF56-4983-9F55-7F2B95C569D3}.Release|Any CPU.ActiveCfg = Release|Any CPU
		{2345BA7C-DF56-4983-9F55-7F2B95C569D3}.Release|Any CPU.Build.0 = Release|Any CPU
		{11B687CE-E3FC-4E65-8A89-A25F803A8860}.Debug|Any CPU.ActiveCfg = Debug|Any CPU
		{11B687CE-E3FC-4E65-8A89-A25F803A8860}.Debug|Any CPU.Build.0 = Debug|Any CPU
		{11B687CE-E3FC-4E65-8A89-A25F803A8860}.Release|Any CPU.ActiveCfg = Release|Any CPU
		{11B687CE-E3FC-4E65-8A89-A25F803A8860}.Release|Any CPU.Build.0 = Release|Any CPU
	EndGlobalSection
	GlobalSection(SolutionProperties) = preSolution
		HideSolutionNode = FALSE
	EndGlobalSection
	GlobalSection(ExtensibilityGlobals) = postSolution
		SolutionGuid = {0BDD8A93-CEA3-4714-8EED-572DB2AB1887}
	EndGlobalSection
EndGlobal
